
Microsoft Visual Studio Solution File, Format Version 12.00
# Visual Studio 15
VisualStudioVersion = 15.0.26403.7
MinimumVisualStudioVersion = 10.0.40219.1
Project("{FAE04EC0-301F-11D3-BF4B-00C04F79EFBC}") = "WeeklyDanceEvent", "WeeklyDanceEvent\WeeklyDanceEvent.csproj", "{575A4484-061C-47B5-925A-D8760B6A61CD}"
EndProject
Project("{9A19103F-16F7-4668-BE54-9A1E7A4F7556}") = "WeeklyDanceEventAWSLambda", "WeeklyDanceEventAWSLambda\WeeklyDanceEventAWSLambda.csproj", "{DA5648C7-A9F0-4505-813D-5C8776133B80}"
EndProject
Global
	GlobalSection(SolutionConfigurationPlatforms) = preSolution
		Debug|Any CPU = Debug|Any CPU
		Release|Any CPU = Release|Any CPU
	EndGlobalSection
	GlobalSection(ProjectConfigurationPlatforms) = postSolution
		{575A4484-061C-47B5-925A-D8760B6A61CD}.Debug|Any CPU.ActiveCfg = Debug|Any CPU
		{575A4484-061C-47B5-925A-D8760B6A61CD}.Debug|Any CPU.Build.0 = Debug|Any CPU
		{575A4484-061C-47B5-925A-D8760B6A61CD}.Release|Any CPU.ActiveCfg = Release|Any CPU
		{575A4484-061C-47B5-925A-D8760B6A61CD}.Release|Any CPU.Build.0 = Release|Any CPU
		{DA5648C7-A9F0-4505-813D-5C8776133B80}.Debug|Any CPU.ActiveCfg = Debug|Any CPU
		{DA5648C7-A9F0-4505-813D-5C8776133B80}.Debug|Any CPU.Build.0 = Debug|Any CPU
		{DA5648C7-A9F0-4505-813D-5C8776133B80}.Release|Any CPU.ActiveCfg = Release|Any CPU
		{DA5648C7-A9F0-4505-813D-5C8776133B80}.Release|Any CPU.Build.0 = Release|Any CPU
	EndGlobalSection
	GlobalSection(SolutionProperties) = preSolution
		HideSolutionNode = FALSE
	EndGlobalSection
EndGlobal
